{
  "name": "spinal-env-viewer-plugin-opcua-manager",
  "version": "1.0.0",
  "lockfileVersion": 1,
  "requires": true,
  "dependencies": {
    "@syncfusion/ej2-base": {
      "version": "24.2.3",
      "resolved": "https://registry.npmjs.org/@syncfusion/ej2-base/-/ej2-base-24.2.3.tgz",
      "integrity": "sha512-yTTHT1ibrBjAHfWYZDgLBqnfs65bs8goskRJ9Vquf7BuEmVp7aCY/3kUcdjIC/R1dZfo9vl6UIJZfJ4/63sYBQ==",
      "requires": {
        "@syncfusion/ej2-icons": "~24.2.3"
      }
    },
    "@syncfusion/ej2-buttons": {
      "version": "24.2.3",
      "resolved": "https://registry.npmjs.org/@syncfusion/ej2-buttons/-/ej2-buttons-24.2.3.tgz",
      "integrity": "sha512-OSnUlE+BVsJ3esRCuuqHqbcC3ABTYV0v+jiXEwCTKqvj5TugSyuZKAnRhkGoVnQEappd7gSxs+MhlDLy4X6oOg==",
      "requires": {
        "@syncfusion/ej2-base": "~24.2.3"
      }
    },
    "@syncfusion/ej2-calendars": {
      "version": "24.2.3",
      "resolved": "https://registry.npmjs.org/@syncfusion/ej2-calendars/-/ej2-calendars-24.2.3.tgz",
      "integrity": "sha512-TVrvJNeY1Cx4+YJPvw//rZYxu2Mivvkan+5qw2eueS48D3TQOzQUfZmHN8dF67IrDygtLz7XBe6g8dS6M3NMrg==",
      "requires": {
        "@syncfusion/ej2-base": "~24.2.3",
        "@syncfusion/ej2-buttons": "~24.2.3",
        "@syncfusion/ej2-inputs": "~24.2.3",
        "@syncfusion/ej2-lists": "~24.2.3",
        "@syncfusion/ej2-popups": "~24.2.3"
      }
    },
    "@syncfusion/ej2-compression": {
      "version": "24.2.3",
      "resolved": "https://registry.npmjs.org/@syncfusion/ej2-compression/-/ej2-compression-24.2.3.tgz",
      "integrity": "sha512-ZjDxhlxf2cWoRGLOVwYhEW/RUhzDtyGOZ2VlcG0KT0L4EFVdAHHKSY40urDtpCTWln4fW0Ki6KFDsM9gWnNLeQ==",
      "requires": {
        "@syncfusion/ej2-file-utils": "~24.2.3"
      }
    },
    "@syncfusion/ej2-data": {
      "version": "24.2.3",
      "resolved": "https://registry.npmjs.org/@syncfusion/ej2-data/-/ej2-data-24.2.3.tgz",
      "integrity": "sha512-nZai/hmBuD2tAAXPF/oHZj5z6UfqjQ9PIlKvt+rOFdvQ5pOQHavv+OUpdUAeQPijgqzprnUVcmRlsn7XcS17bw==",
      "requires": {
        "@syncfusion/ej2-base": "~24.2.3"
      }
    },
    "@syncfusion/ej2-dropdowns": {
      "version": "24.2.3",
      "resolved": "https://registry.npmjs.org/@syncfusion/ej2-dropdowns/-/ej2-dropdowns-24.2.3.tgz",
      "integrity": "sha512-mXMJd6xEkY8FVU8fK2Bk7k/fXDoRLzRwWCwIeEEz9/ZxrwtgAHxVrJdAfJH/uzeftvVa9bY8SZmTDxPrTTQTBg==",
      "requires": {
        "@syncfusion/ej2-base": "~24.2.3",
        "@syncfusion/ej2-data": "~24.2.3",
        "@syncfusion/ej2-inputs": "~24.2.3",
        "@syncfusion/ej2-lists": "~24.2.3",
        "@syncfusion/ej2-navigations": "~24.2.3",
        "@syncfusion/ej2-notifications": "~24.2.3",
        "@syncfusion/ej2-popups": "~24.2.3"
      }
    },
    "@syncfusion/ej2-excel-export": {
      "version": "24.2.3",
      "resolved": "https://registry.npmjs.org/@syncfusion/ej2-excel-export/-/ej2-excel-export-24.2.3.tgz",
      "integrity": "sha512-ZGQJyYBhx4nsjs7+4KBHrVS6Ly4VacIYURMJi7M5T5FyMggbGRY8GzYKq157O1s5fMQ7p+rGukOIulNT8ODTyQ==",
      "requires": {
        "@syncfusion/ej2-base": "~24.2.3",
        "@syncfusion/ej2-compression": "~24.2.3"
      }
    },
    "@syncfusion/ej2-file-utils": {
      "version": "24.2.3",
      "resolved": "https://registry.npmjs.org/@syncfusion/ej2-file-utils/-/ej2-file-utils-24.2.3.tgz",
      "integrity": "sha512-kPejWNjWoougUu/tsxh6ywKR/cr5+2tIZO1BUWlTO+XyFk/uolZ4Xx14tGVnrLpzl4+DaSLfv73b6VDvqpIbzg=="
    },
    "@syncfusion/ej2-grids": {
      "version": "24.2.3",
      "resolved": "https://registry.npmjs.org/@syncfusion/ej2-grids/-/ej2-grids-24.2.3.tgz",
      "integrity": "sha512-ELlW4tJVpzQ/fkJZFe25xuPSvogZfUPwOHgtpBPGAqZBvmuY/pL6frRda6l7WUqfj8NDXByjvxwqMCS5tHTqRA==",
      "requires": {
        "@syncfusion/ej2-base": "~24.2.3",
        "@syncfusion/ej2-buttons": "~24.2.3",
        "@syncfusion/ej2-calendars": "~24.2.3",
        "@syncfusion/ej2-compression": "~24.2.3",
        "@syncfusion/ej2-data": "~24.2.3",
        "@syncfusion/ej2-dropdowns": "~24.2.3",
        "@syncfusion/ej2-excel-export": "~24.2.3",
        "@syncfusion/ej2-file-utils": "~24.2.3",
        "@syncfusion/ej2-inputs": "~24.2.3",
        "@syncfusion/ej2-lists": "~24.2.3",
        "@syncfusion/ej2-navigations": "~24.2.3",
        "@syncfusion/ej2-notifications": "~24.2.3",
        "@syncfusion/ej2-pdf-export": "~24.2.3",
        "@syncfusion/ej2-popups": "~24.2.3",
        "@syncfusion/ej2-splitbuttons": "~24.2.3"
      }
    },
    "@syncfusion/ej2-icons": {
      "version": "24.2.3",
      "resolved": "https://registry.npmjs.org/@syncfusion/ej2-icons/-/ej2-icons-24.2.3.tgz",
      "integrity": "sha512-JdQ7w2SiiUUXZFrmX0j3+0iQZdT+Z5NP7jb1zTKDAiTGB3IjcSTQc8MtPmORTG4vvG6lOSLYHrn2HtP7mqvlEQ=="
    },
    "@syncfusion/ej2-inputs": {
      "version": "24.2.3",
      "resolved": "https://registry.npmjs.org/@syncfusion/ej2-inputs/-/ej2-inputs-24.2.3.tgz",
      "integrity": "sha512-I6LmWb8SmKu8r/10OayToPZFZw/bdxNd837WW0J7wIadD8c5t0V4NoACaBpHCYKPlzQOep52gmLSr7oG59WoFA==",
      "requires": {
        "@syncfusion/ej2-base": "~24.2.3",
        "@syncfusion/ej2-buttons": "~24.2.3",
        "@syncfusion/ej2-popups": "~24.2.3",
        "@syncfusion/ej2-splitbuttons": "~24.2.3"
      }
    },
    "@syncfusion/ej2-lists": {
      "version": "24.2.3",
      "resolved": "https://registry.npmjs.org/@syncfusion/ej2-lists/-/ej2-lists-24.2.3.tgz",
      "integrity": "sha512-YNWFZYb1MVyM0nEYCusM4xOXgsn/DGoXcOgfPUBghBk2O0sD0AXbP4t2IJEir4JUX3k8djYXoBmoJdK7xeYycQ==",
      "requires": {
        "@syncfusion/ej2-base": "~24.2.3",
        "@syncfusion/ej2-buttons": "~24.2.3",
        "@syncfusion/ej2-data": "~24.2.3",
        "@syncfusion/ej2-popups": "~24.2.3"
      }
    },
    "@syncfusion/ej2-navigations": {
      "version": "24.2.3",
      "resolved": "https://registry.npmjs.org/@syncfusion/ej2-navigations/-/ej2-navigations-24.2.3.tgz",
      "integrity": "sha512-o7lQ9Q4BNwm+Ze5946QWlgHu9J0iVvbB/GW1769njbsKpbJ/dIb7NR5krs2H+C0pPQDpFPyJy1JtxfBDZaULKA==",
      "requires": {
        "@syncfusion/ej2-base": "~24.2.3",
        "@syncfusion/ej2-buttons": "~24.2.3",
        "@syncfusion/ej2-data": "~24.2.3",
        "@syncfusion/ej2-inputs": "~24.2.3",
        "@syncfusion/ej2-lists": "~24.2.3",
        "@syncfusion/ej2-popups": "~24.2.3"
      }
    },
    "@syncfusion/ej2-notifications": {
      "version": "24.2.3",
      "resolved": "https://registry.npmjs.org/@syncfusion/ej2-notifications/-/ej2-notifications-24.2.3.tgz",
      "integrity": "sha512-DciZFASGE3KEY/q1BYeQfocxkuw4NICMINjo/fWiBQb9gwWoDXGrTn8/ibWR1gKr1biha29/YD1tM2WQ+hprhQ==",
      "requires": {
        "@syncfusion/ej2-base": "~24.2.3",
        "@syncfusion/ej2-buttons": "~24.2.3",
        "@syncfusion/ej2-popups": "~24.2.3"
      }
    },
    "@syncfusion/ej2-pdf-export": {
      "version": "24.2.3",
      "resolved": "https://registry.npmjs.org/@syncfusion/ej2-pdf-export/-/ej2-pdf-export-24.2.3.tgz",
      "integrity": "sha512-h6fmsSxQA4BuwuYusPruQYUrdyH1NJIXMrcRN0zAhORPEKDeLy/jp1qiBILBtjGFI3JWxVRXfz4Fm6Ln7j766A==",
      "requires": {
        "@syncfusion/ej2-compression": "~24.2.3"
      }
    },
    "@syncfusion/ej2-popups": {
      "version": "24.2.3",
      "resolved": "https://registry.npmjs.org/@syncfusion/ej2-popups/-/ej2-popups-24.2.3.tgz",
      "integrity": "sha512-H08+IpGbVMRJefyd+a6H0tRO0UxEHoxcck1qovKp76Zl41cTSR3cmjqyOJYJCdlYMr9OcFMr0M5PooXl9i9eMA==",
      "requires": {
        "@syncfusion/ej2-base": "~24.2.3",
        "@syncfusion/ej2-buttons": "~24.2.3"
      }
    },
    "@syncfusion/ej2-splitbuttons": {
      "version": "24.2.3",
      "resolved": "https://registry.npmjs.org/@syncfusion/ej2-splitbuttons/-/ej2-splitbuttons-24.2.3.tgz",
      "integrity": "sha512-iKYkfWfVc8euN5B+jBwf2XWbfarwFyUPXQm0R7kjI4as+EjSzvzXBUXRSGvcc7ic/BM1HZJ0M7sDJQEFkKKbeQ==",
      "requires": {
        "@syncfusion/ej2-base": "~24.2.3",
        "@syncfusion/ej2-popups": "~24.2.3"
      }
    },
    "@syncfusion/ej2-vue-base": {
      "version": "24.2.3",
      "resolved": "https://registry.npmjs.org/@syncfusion/ej2-vue-base/-/ej2-vue-base-24.2.3.tgz",
      "integrity": "sha512-58uX2UfzuJ3jcuhL1KqYcR/O9zAFuCcW9W+KqOZD9QcO6uRRjvmeUjIE4BG4Igat3iorf+xKBvwLXySOsmQSug==",
      "requires": {
        "@syncfusion/ej2-base": "~24.2.3"
      }
    },
    "@syncfusion/ej2-vue-grids": {
      "version": "24.2.3",
      "resolved": "https://registry.npmjs.org/@syncfusion/ej2-vue-grids/-/ej2-vue-grids-24.2.3.tgz",
      "integrity": "sha512-CYGe9SeNTIbXZSToBAF7nHyGACoCbSOcZ3/X7zl1h2w3T9lp8WlUXtxDsd6762Y8a577abpoi1jrEXbY/tEwiw==",
      "requires": {
        "@syncfusion/ej2-base": "~24.2.3",
        "@syncfusion/ej2-grids": "24.2.3",
        "@syncfusion/ej2-vue-base": "~24.2.3"
      }
    },
    "@syncfusion/ej2-vue-navigations": {
      "version": "24.2.4",
      "resolved": "https://registry.npmjs.org/@syncfusion/ej2-vue-navigations/-/ej2-vue-navigations-24.2.4.tgz",
      "integrity": "sha512-D3kCB/cX0CibV3OOD4OUVeC9dgDJ1l+baqZWXGjtMYe8V0uk5Sbzc35QhL6sTdkoUA/W0xL6KZ+HbbI99ibFOA==",
      "requires": {
        "@syncfusion/ej2-base": "~24.2.3",
        "@syncfusion/ej2-navigations": "24.2.4",
        "@syncfusion/ej2-vue-base": "~24.2.3"
      },
      "dependencies": {
        "@syncfusion/ej2-inputs": {
          "version": "24.2.4",
          "resolved": "https://registry.npmjs.org/@syncfusion/ej2-inputs/-/ej2-inputs-24.2.4.tgz",
          "integrity": "sha512-RQKAZMjySeyb9KrKQtHA+YTvlnWYutKCKiFdQEMnhMRIXx/04XctGpoLFZH+OpJc01/g5ybvsmr0SeejEfYZWQ==",
          "requires": {
            "@syncfusion/ej2-base": "~24.2.3",
            "@syncfusion/ej2-buttons": "~24.2.3",
            "@syncfusion/ej2-popups": "~24.2.3",
            "@syncfusion/ej2-splitbuttons": "~24.2.3"
          }
        },
        "@syncfusion/ej2-lists": {
          "version": "24.2.4",
          "resolved": "https://registry.npmjs.org/@syncfusion/ej2-lists/-/ej2-lists-24.2.4.tgz",
          "integrity": "sha512-F64rDZhoKgWwnWNm+w0Rd2PVcr8nfOV/cEVPXWYrHlcuX9s+1kD+F7u7zyJdE8fPm8gGqC+385aA96jUTin55w==",
          "requires": {
            "@syncfusion/ej2-base": "~24.2.3",
            "@syncfusion/ej2-buttons": "~24.2.3",
            "@syncfusion/ej2-data": "~24.2.3",
            "@syncfusion/ej2-popups": "~24.2.3"
          }
        },
        "@syncfusion/ej2-navigations": {
          "version": "24.2.4",
          "resolved": "https://registry.npmjs.org/@syncfusion/ej2-navigations/-/ej2-navigations-24.2.4.tgz",
          "integrity": "sha512-KZVJrDvZROGcAxbkfgMW/gpCdkalj3x1pkxje1au5dg7n2VPCrI5Qo2aeGSWWHU1N5cHoM6VRY/MdWBrzHu2yQ==",
          "requires": {
            "@syncfusion/ej2-base": "~24.2.3",
            "@syncfusion/ej2-buttons": "~24.2.3",
            "@syncfusion/ej2-data": "~24.2.3",
            "@syncfusion/ej2-inputs": "~24.2.4",
            "@syncfusion/ej2-lists": "~24.2.4",
            "@syncfusion/ej2-popups": "~24.2.3"
          }
        }
      }
    },
    "primevue": {
      "version": "3.48.0",
      "resolved": "https://registry.npmjs.org/primevue/-/primevue-3.48.0.tgz",
      "integrity": "sha512-aTXOfqEXQ1N/UarVA6S0KvxN/0AL+8NcI3UBlwKECcj7fvsVzvht6f6B6s/RFhZLcx9WnCLJv3eu/DI7BlU0sw=="
    }
  }
}
